
Microsoft Visual Studio Solution File, Format Version 12.00
# Visual Studio Version 17
VisualStudioVersion = 17.1.32421.90
MinimumVisualStudioVersion = 10.0.40219.1
Project("{FAE04EC0-301F-11D3-BF4B-00C04F79EFBC}") = "VotingSystemConsoleApp", "VotingSystemConsoleApp.csproj", "{4C229236-FC16-4F4C-88FA-E2AD7FE1C17A}"
EndProject
Global
	GlobalSection(SolutionConfigurationPlatforms) = preSolution
		Debug|Any CPU = Debug|Any CPU
		Release|Any CPU = Release|Any CPU
	EndGlobalSection
	GlobalSection(ProjectConfigurationPlatforms) = postSolution
		{4C229236-FC16-4F4C-88FA-E2AD7FE1C17A}.Debug|Any CPU.ActiveCfg = Debug|Any CPU
		{4C229236-FC16-4F4C-88FA-E2AD7FE1C17A}.Debug|Any CPU.Build.0 = Debug|Any CPU
		{4C229236-FC16-4F4C-88FA-E2AD7FE1C17A}.Release|Any CPU.ActiveCfg = Release|Any CPU
		{4C229236-FC16-4F4C-88FA-E2AD7FE1C17A}.Release|Any CPU.Build.0 = Release|Any CPU
	EndGlobalSection
	GlobalSection(SolutionProperties) = preSolution
		HideSolutionNode = FALSE
	EndGlobalSection
	GlobalSection(ExtensibilityGlobals) = postSolution
		SolutionGuid = {B124F5C5-F9E4-4390-A682-ECC57A5288A0}
	EndGlobalSection
EndGlobal
